dependencies:
- name: postgres
  repository: https://pluralsh.github.io/module-library
  version: 0.1.10
- name: dagster
  repository: https://dagster-io.github.io/helm
  version: 1.0.14
digest: sha256:9213aab6f7db7055aa1ac62a90c36c0f73a1425868a578f9b771f40fc4b3663b
generated: "2022-10-26T15:42:44.717063+02:00"
